
Microsoft Visual Studio Solution File, Format Version 12.00
# Visual Studio Version 17
VisualStudioVersion = 17.9.34902.65
MinimumVisualStudioVersion = 10.0.40219.1
Project("{FAE04EC0-301F-11D3-BF4B-00C04F79EFBC}") = "STATE", "STATE\STATE.csproj", "{76A21C77-0C7C-48F4-89A3-F1ADA903A1C0}"
EndProject
Global
	GlobalSection(SolutionConfigurationPlatforms) = preSolution
		Debug|Any CPU = Debug|Any CPU
		Release|Any CPU = Release|Any CPU
	EndGlobalSection
	GlobalSection(ProjectConfigurationPlatforms) = postSolution
		{76A21C77-0C7C-48F4-89A3-F1ADA903A1C0}.Debug|Any CPU.ActiveCfg = Debug|Any CPU
		{76A21C77-0C7C-48F4-89A3-F1ADA903A1C0}.Debug|Any CPU.Build.0 = Debug|Any CPU
		{76A21C77-0C7C-48F4-89A3-F1ADA903A1C0}.Release|Any CPU.ActiveCfg = Release|Any CPU
		{76A21C77-0C7C-48F4-89A3-F1ADA903A1C0}.Release|Any CPU.Build.0 = Release|Any CPU
	EndGlobalSection
	GlobalSection(SolutionProperties) = preSolution
		HideSolutionNode = FALSE
	EndGlobalSection
	GlobalSection(ExtensibilityGlobals) = postSolution
		SolutionGuid = {EF9BE117-79F2-40AB-82F1-B6033202D22E}
	EndGlobalSection
EndGlobal
